// !$*UTF8*$!
{
	archiveVersion = 1;
	classes = {
	};
	objectVersion = 46;
	objects = {

/* Begin PBXBuildFile section */
		4426BDF61ECB0F4B003AA722 /* PlaySoundsViewController.swift in Sources */ = {isa = PBXBuildFile; fileRef = 4426BDF51ECB0F4B003AA722 /* PlaySoundsViewController.swift */; };
		4426BDF81ECB453E003AA722 /* playsoundsviewcontroller-audio.swift in Sources */ = {isa = PBXBuildFile; fileRef = 4426BDF71ECB453E003AA722 /* playsoundsviewcontroller-audio.swift */; };
		44CB62BE1EC9F425005ED88C /* AppDelegate.swift in Sources */ = {isa = PBXBuildFile; fileRef = 44CB62BD1EC9F425005ED88C /* AppDelegate.swift */; };
		44CB62C01EC9F425005ED88C /* RecordSoundsViewController.swift in Sources */ = {isa = PBXBuildFile; fileRef = 44CB62BF1EC9F425005ED88C /* RecordSoundsViewController.swift */; };
		44CB62C31EC9F425005ED88C /* Main.storyboard in Resources */ = {isa = PBXBuildFile; fileRef = 44CB62C11EC9F425005ED88C /* Main.storyboard */; };
		44CB62C51EC9F425005ED88C /* Assets.xcassets in Resources */ = {isa = PBXBuildFile; fileRef = 44CB62C41EC9F425005ED88C /* Assets.xcassets */; };
		44CB62C81EC9F425005ED88C /* LaunchScreen.storyboard in Resources */ = {isa = PBXBuildFile; fileRef = 44CB62C61EC9F425005ED88C /* LaunchScreen.storyboard */; };
/* End PBXBuildFile section */

/* Begin PBXFileReference section */
		4426BDF51ECB0F4B003AA722 /* PlaySoundsViewController.swift */ = {isa = PBXFileReference; fileEncoding = 4; lastKnownFileType = sourcecode.swift; path = PlaySoundsViewController.swift; sourceTree = "<group>"; };
		4426BDF71ECB453E003AA722 /* playsoundsviewcontroller-audio.swift */ = {isa = PBXFileReference; fileEncoding = 4; lastKnownFileType = sourcecode.swift; path = "playsoundsviewcontroller-audio.swift"; sourceTree = "<group>"; };
		44CB62BA1EC9F425005ED88C /* PitchPerfect.app */ = {isa = PBXFileReference; explicitFileType = wrapper.application; includeInIndex = 0; path = PitchPerfect.app; sourceTree = BUILT_PRODUCTS_DIR; };
		44CB62BD1EC9F425005ED88C /* AppDelegate.swift */ = {isa = PBXFileReference; lastKnownFileType = sourcecode.swift; path = AppDelegate.swift; sourceTree = "<group>"; };
		44CB62BF1EC9F425005ED88C /* RecordSoundsViewController.swift */ = {isa = PBXFileReference; lastKnownFileType = sourcecode.swift; path = RecordSoundsViewController.swift; sourceTree = "<group>"; };
		44CB62C21EC9F425005ED88C /* Base */ = {isa = PBXFileReference; lastKnownFileType = file.storyboard; name = Base; path = Base.lproj/Main.storyboard; sourceTree = "<group>"; };
		44CB62C41EC9F425005ED88C /* Assets.xcassets */ = {isa = PBXFileReference; lastKnownFileType = folder.assetcatalog; path = Assets.xcassets; sourceTree = "<group>"; };
		44CB62C71EC9F425005ED88C /* Base */ = {isa = PBXFileReference; lastKnownFileType = file.storyboard; name = Base; path = Base.lproj/LaunchScreen.storyboard; sourceTree = "<group>"; };
		44CB62C91EC9F425005ED88C /* Info.plist */ = {isa = PBXFileReference; lastKnownFileType = text.plist.xml; path = Info.plist; sourceTree = "<group>"; };
/* End PBXFileReference section */

/* Begin PBXFrameworksBuildPhase section */
		44CB62B71EC9F425005ED88C /* Frameworks */ = {
			isa = PBXFrameworksBuildPhase;
			buildActionMask = 2147483647;
			files = (
			);
			runOnlyForDeploymentPostprocessing = 0;
		};
/* End PBXFrameworksBuildPhase section */

/* Begin PBXGroup section */
		44CB62B11EC9F425005ED88C = {
			isa = PBXGroup;
			children = (
				44CB62BC1EC9F425005ED88C /* PitchPerfect */,
				44CB62BB1EC9F425005ED88C /* Products */,
			);
			sourceTree = "<group>";
		};
		44CB62BB1EC9F425005ED88C /* Products */ = {
			isa = PBXGroup;
			children = (
				44CB62BA1EC9F425005ED88C /* PitchPerfect.app */,
			);
			name = Products;
			sourceTree = "<group>";
		};
		44CB62BC1EC9F425005ED88C /* PitchPerfect */ = {
			isa = PBXGroup;
			children = (
				44CB62BD1EC9F425005ED88C /* AppDelegate.swift */,
				44CB62BF1EC9F425005ED88C /* RecordSoundsViewController.swift */,
				4426BDF51ECB0F4B003AA722 /* PlaySoundsViewController.swift */,
				44CB62C11EC9F425005ED88C /* Main.storyboard */,
				44CB62C41EC9F425005ED88C /* Assets.xcassets */,
				44CB62C61EC9F425005ED88C /* LaunchScreen.storyboard */,
				44CB62C91EC9F425005ED88C /* Info.plist */,
				4426BDF71ECB453E003AA722 /* playsoundsviewcontroller-audio.swift */,
			);
			path = PitchPerfect;
			sourceTree = "<group>";
		};
/* End PBXGroup section */

/* Begin PBXNativeTarget section */
		44CB62B91EC9F425005ED88C /* PitchPerfect */ = {
			isa = PBXNativeTarget;
			buildConfigurationList = 44CB62CC1EC9F425005ED88C /* Build configuration list for PBXNativeTarget "PitchPerfect" */;
			buildPhases = (
				44CB62B61EC9F425005ED88C /* Sources */,
				44CB62B71EC9F425005ED88C /* Frameworks */,
				44CB62B81EC9F425005ED88C /* Resources */,
			);
			buildRules = (
			);
			dependencies = (
			);
			name = PitchPerfect;
			productName = PitchPerfect;
			productReference = 44CB62BA1EC9F425005ED88C /* PitchPerfect.app */;
			productType = "com.apple.product-type.application";
		};
/* End PBXNativeTarget section */

/* Begin PBXProject section */
		44CB62B21EC9F425005ED88C /* Project object */ = {
			isa = PBXProject;
			attributes = {
				LastSwiftUpdateCheck = 0830;
				LastUpgradeCheck = 0830;
				ORGANIZATIONNAME = "MMartíDeveloper";
				TargetAttributes = {
					44CB62B91EC9F425005ED88C = {
						CreatedOnToolsVersion = 8.3.2;
						ProvisioningStyle = Automatic;
					};
				};
			};
			buildConfigurationList = 44CB62B51EC9F425005ED88C /* Build configuration list for PBXProject "PitchPerfect" */;
			compatibilityVersion = "Xcode 3.2";
			developmentRegion = English;
			hasScannedForEncodings = 0;
			knownRegions = (
				en,
				Base,
			);
			mainGroup = 44CB62B11EC9F425005ED88C;
			productRefGroup = 44CB62BB1EC9F425005ED88C /* Products */;
			projectDirPath = "";
			projectRoot = "";
			targets = (
				44CB62B91EC9F425005ED88C /* PitchPerfect */,
			);
		};
/* End PBXProject section */

/* Begin PBXResourcesBuildPhase section */
		44CB62B81EC9F425005ED88C /* Resources */ = {
			isa = PBXResourcesBuildPhase;
			buildActionMask = 2147483647;
			files = (
				44CB62C81EC9F425005ED88C /* LaunchScreen.storyboard in Resources */,
				44CB62C51EC9F425005ED88C /* Assets.xcassets in Resources */,
				44CB62C31EC9F425005ED88C /* Main.storyboard in Resources */,
			);
			runOnlyForDeploymentPostprocessing = 0;
		};
/* End PBXResourcesBuildPhase section */

/* Begin PBXSourcesBuildPhase section */
		44CB62B61EC9F425005ED88C /* Sources */ = {
			isa = PBXSourcesBuildPhase;
			buildActionMask = 2147483647;
			files = (
				44CB62C01EC9F425005ED88C /* RecordSoundsViewController.swift in Sources */,
				4426BDF61ECB0F4B003AA722 /* PlaySoundsViewController.swift in Sources */,
				44CB62BE1EC9F425005ED88C /* AppDelegate.swift in Sources */,
				4426BDF81ECB453E003AA722 /* playsoundsviewcontroller-audio.swift in Sources */,
			);
			runOnlyForDeploymentPostprocessing = 0;
		};
/* End PBXSourcesBuildPhase section */

/* Begin PBXVariantGroup section */
		44CB62C11EC9F425005ED88C /* Main.storyboard */ = {
			isa = PBXVariantGroup;
			children = (
				44CB62C21EC9F425005ED88C /* Base */,
			);
			name = Main.storyboard;
			sourceTree = "<group>";
		};
		44CB62C61EC9F425005ED88C /* LaunchScreen.storyboard */ = {
			isa = PBXVariantGroup;
			children = (
				44CB62C71EC9F425005ED88C /* Base */,
			);
			name = LaunchScreen.storyboard;
			sourceTree = "<group>";
		};
/* End PBXVariantGroup section */

/* Begin XCBuildConfiguration section */
		44CB62CA1EC9F425005ED88C /* Debug */ = {
			isa = XCBuildConfiguration;
			buildSettings = {
				ALWAYS_SEARCH_USER_PATHS = NO;
				CLANG_ANALYZER_NONNULL = YES;
				CLANG_ANALYZER_NUMBER_OBJECT_CONVERSION = YES_AGGRESSIVE;
				CLANG_CXX_LANGUAGE_STANDARD = "gnu++0x";
				CLANG_CXX_LIBRARY = "libc++";
				CLANG_ENABLE_MODULES = YES;
				CLANG_ENABLE_OBJC_ARC = YES;
				CLANG_WARN_BOOL_CONVERSION = YES;
				CLANG_WARN_CONSTANT_CONVERSION = YES;
				CLANG_WARN_DIRECT_OBJC_ISA_USAGE = YES_ERROR;
				CLANG_WARN_DOCUMENTATION_COMMENTS = YES;
				CLANG_WARN_EMPTY_BODY = YES;
				CLANG_WARN_ENUM_CONVERSION = YES;
				CLANG_WARN_INFINITE_RECURSION = YES;
				CLANG_WARN_INT_CONVERSION = YES;
				CLANG_WARN_OBJC_ROOT_CLASS = YES_ERROR;
				CLANG_WARN_SUSPICIOUS_MOVE = YES;
				CLANG_WARN_UNREACHABLE_CODE = YES;
				CLANG_WARN__DUPLICATE_METHOD_MATCH = YES;
				"CODE_SIGN_IDENTITY[sdk=iphoneos*]" = "iPhone Developer";
				COPY_PHASE_STRIP = NO;
				DEBUG_INFORMATION_FORMAT = dwarf;
				ENABLE_STRICT_OBJC_MSGSEND = YES;
				ENABLE_TESTABILITY = YES;
				GCC_C_LANGUAGE_STANDARD = gnu99;
				GCC_DYNAMIC_NO_PIC = NO;
				GCC_NO_COMMON_BLOCKS = YES;
				GCC_OPTIMIZATION_LEVEL = 0;
				GCC_PREPROCESSOR_DEFINITIONS = (
					"DEBUG=1",
					"$(inherited)",
				);
				GCC_WARN_64_TO_32_BIT_CONVERSION = YES;
				GCC_WARN_ABOUT_RETURN_TYPE = YES_ERROR;
				GCC_WARN_UNDECLARED_SELECTOR = YES;
				GCC_WARN_UNINITIALIZED_AUTOS = YES_AGGRESSIVE;
				GCC_WARN_UNUSED_FUNCTION = YES;
				GCC_WARN_UNUSED_VARIABLE = YES;
				IPHONEOS_DEPLOYMENT_TARGET = 10.3;
				MTL_ENABLE_DEBUG_INFO = YES;
				ONLY_ACTIVE_ARCH = YES;
				SDKROOT = iphoneos;
				SWIFT_ACTIVE_COMPILATION_CONDITIONS = DEBUG;
				SWIFT_OPTIMIZATION_LEVEL = "-Onone";
				TARGETED_DEVICE_FAMILY = "1,2";
			};
			name = Debug;
		};
		44CB62CB1EC9F425005ED88C /* Release */ = {
			isa = XCBuildConfiguration;
			buildSettings = {
				ALWAYS_SEARCH_USER_PATHS = NO;
				CLANG_ANALYZER_NONNULL = YES;
				CLANG_ANALYZER_NUMBER_OBJECT_CONVERSION = YES_AGGRESSIVE;
				CLANG_CXX_LANGUAGE_STANDARD = "gnu++0x";
				CLANG_CXX_LIBRARY = "libc++";
				CLANG_ENABLE_MODULES = YES;
				CLANG_ENABLE_OBJC_ARC = YES;
				CLANG_WARN_BOOL_CONVERSION = YES;
				CLANG_WARN_CONSTANT_CONVERSION = YES;
				CLANG_WARN_DIRECT_OBJC_ISA_USAGE = YES_ERROR;
				CLANG_WARN_DOCUMENTATION_COMMENTS = YES;
				CLANG_WARN_EMPTY_BODY = YES;
				CLANG_WARN_ENUM_CONVERSION = YES;
				CLANG_WARN_INFINITE_RECURSION = YES;
				CLANG_WARN_INT_CONVERSION = YES;
				CLANG_WARN_OBJC_ROOT_CLASS = YES_ERROR;
				CLANG_WARN_SUSPICIOUS_MOVE = YES;
				CLANG_WARN_UNREACHABLE_CODE = YES;
				CLANG_WARN__DUPLICATE_METHOD_MATCH = YES;
				"CODE_SIGN_IDENTITY[sdk=iphoneos*]" = "iPhone Developer";
				COPY_PHASE_STRIP = NO;
				DEBUG_INFORMATION_FORMAT = "dwarf-with-dsym";
				ENABLE_NS_ASSERTIONS = NO;
				ENABLE_STRICT_OBJC_MSGSEND = YES;
				GCC_C_LANGUAGE_STANDARD = gnu99;
				GCC_NO_COMMON_BLOCKS = YES;
				GCC_WARN_64_TO_32_BIT_CONVERSION = YES;
				GCC_WARN_ABOUT_RETURN_TYPE = YES_ERROR;
				GCC_WARN_UNDECLARED_SELECTOR = YES;
				GCC_WARN_UNINITIALIZED_AUTOS = YES_AGGRESSIVE;
				GCC_WARN_UNUSED_FUNCTION = YES;
				GCC_WARN_UNUSED_VARIABLE = YES;
				IPHONEOS_DEPLOYMENT_TARGET = 10.3;
				MTL_ENABLE_DEBUG_INFO = NO;
				SDKROOT = iphoneos;
				SWIFT_OPTIMIZATION_LEVEL = "-Owholemodule";
				TARGETED_DEVICE_FAMILY = "1,2";
				VALIDATE_PRODUCT = YES;
			};
			name = Release;
		};
		44CB62CD1EC9F425005ED88C /* Debug */ = {
			isa = XCBuildConfiguration;
			buildSettings = {
				ASSETCATALOG_COMPILER_APPICON_NAME = AppIcon;
				INFOPLIST_FILE = PitchPerfect/Info.plist;
				LD_RUNPATH_SEARCH_PATHS = "$(inherited) @executable_path/Frameworks";
				PRODUCT_BUNDLE_IDENTIFIER = mmartideveloper.PitchPerfect;
				PRODUCT_NAME = "$(TARGET_NAME)";
				SWIFT_VERSION = 3.0;
			};
			name = Debug;
		};
		44CB62CE1EC9F425005ED88C /* Release */ = {
			isa = XCBuildConfiguration;
			buildSettings = {
				ASSETCATALOG_COMPILER_APPICON_NAME = AppIcon;
				INFOPLIST_FILE = PitchPerfect/Info.plist;
				LD_RUNPATH_SEARCH_PATHS = "$(inherited) @executable_path/Frameworks";
				PRODUCT_BUNDLE_IDENTIFIER = mmartideveloper.PitchPerfect;
				PRODUCT_NAME = "$(TARGET_NAME)";
				SWIFT_VERSION = 3.0;
			};
			name = Release;
		};
/* End XCBuildConfiguration section */

/* Begin XCConfigurationList section */
		44CB62B51EC9F425005ED88C /* Build configuration list for PBXProject "PitchPerfect" */ = {
			isa = XCConfigurationList;
			buildConfigurations = (
				44CB62CA1EC9F425005ED88C /* Debug */,
				44CB62CB1EC9F425005ED88C /* Release */,
			);
			defaultConfigurationIsVisible = 0;
			defaultConfigurationName = Release;
		};
		44CB62CC1EC9F425005ED88C /* Build configuration list for PBXNativeTarget "PitchPerfect" */ = {
			isa = XCConfigurationList;
			buildConfigurations = (
				44CB62CD1EC9F425005ED88C /* Debug */,
				44CB62CE1EC9F425005ED88C /* Release */,
			);
			defaultConfigurationIsVisible = 0;
			defaultConfigurationName = Release;
		};
/* End XCConfigurationList section */
	};
	rootObject = 44CB62B21EC9F425005ED88C /* Project object */;
}
